{
  "requires": true,
  "lockfileVersion": 1,
  "dependencies": {
    "@mdi/font": {
      "version": "3.8.95",
      "resolved": "https://registry.npmjs.org/@mdi/font/-/font-3.8.95.tgz",
      "integrity": "sha512-KR6TBdVYV3p1ZOM+Ge45Kk3P8yHfSGt3YOryVlkEKdO3vMiPjRaaDcQsdogGxVl8FcXsAt/Gz8MoXObbOF1Pzg=="
    }
  }
}
